
Microsoft Visual Studio Solution File, Format Version 12.00
# Visual Studio Version 17
VisualStudioVersion = 17.7.34031.279
MinimumVisualStudioVersion = 10.0.40219.1
Project("{8BC9CEB8-8B4A-11D0-8D11-00A0C91BC942}") = "UASgrafkom", "UASgrafkom.vcxproj", "{501B27B7-21CD-4C7A-B43D-FAB2128C2894}"
EndProject
Global
	GlobalSection(SolutionConfigurationPlatforms) = preSolution
		Debug|x64 = Debug|x64
		Debug|x86 = Debug|x86
		Release|x64 = Release|x64
		Release|x86 = Release|x86
	EndGlobalSection
	GlobalSection(ProjectConfigurationPlatforms) = postSolution
		{501B27B7-21CD-4C7A-B43D-FAB2128C2894}.Debug|x64.ActiveCfg = Debug|x64
		{501B27B7-21CD-4C7A-B43D-FAB2128C2894}.Debug|x64.Build.0 = Debug|x64
		{501B27B7-21CD-4C7A-B43D-FAB2128C2894}.Debug|x86.ActiveCfg = Debug|Win32
		{501B27B7-21CD-4C7A-B43D-FAB2128C2894}.Debug|x86.Build.0 = Debug|Win32
		{501B27B7-21CD-4C7A-B43D-FAB2128C2894}.Release|x64.ActiveCfg = Release|x64
		{501B27B7-21CD-4C7A-B43D-FAB2128C2894}.Release|x64.Build.0 = Release|x64
		{501B27B7-21CD-4C7A-B43D-FAB2128C2894}.Release|x86.ActiveCfg = Release|Win32
		{501B27B7-21CD-4C7A-B43D-FAB2128C2894}.Release|x86.Build.0 = Release|Win32
	EndGlobalSection
	GlobalSection(SolutionProperties) = preSolution
		HideSolutionNode = FALSE
	EndGlobalSection
	GlobalSection(ExtensibilityGlobals) = postSolution
		SolutionGuid = {12789E79-7A24-4FA2-94CC-162AFB86D8E4}
	EndGlobalSection
EndGlobal
